
Microsoft Visual Studio Solution File, Format Version 12.00
# Visual Studio Version 17
VisualStudioVersion = 17.5.002.0
MinimumVisualStudioVersion = 10.0.40219.1
Project("{9A19103F-16F7-4668-BE54-9A1E7A4F7556}") = "OnlineSchool", "OnlineSchool.csproj", "{4EFEFB49-1330-4F12-9052-C19BD05C44E7}"
EndProject
Global
	GlobalSection(SolutionConfigurationPlatforms) = preSolution
		Debug|Any CPU = Debug|Any CPU
		Release|Any CPU = Release|Any CPU
	EndGlobalSection
	GlobalSection(ProjectConfigurationPlatforms) = postSolution
		{4EFEFB49-1330-4F12-9052-C19BD05C44E7}.Debug|Any CPU.ActiveCfg = Debug|Any CPU
		{4EFEFB49-1330-4F12-9052-C19BD05C44E7}.Debug|Any CPU.Build.0 = Debug|Any CPU
		{4EFEFB49-1330-4F12-9052-C19BD05C44E7}.Release|Any CPU.ActiveCfg = Release|Any CPU
		{4EFEFB49-1330-4F12-9052-C19BD05C44E7}.Release|Any CPU.Build.0 = Release|Any CPU
	EndGlobalSection
	GlobalSection(SolutionProperties) = preSolution
		HideSolutionNode = FALSE
	EndGlobalSection
	GlobalSection(ExtensibilityGlobals) = postSolution
		SolutionGuid = {8DD34F21-C256-44AF-A17C-EBAB928577DA}
	EndGlobalSection
EndGlobal
